
Microsoft Visual Studio Solution File, Format Version 12.00
# Visual Studio Version 17
VisualStudioVersion = 17.11.35208.52
MinimumVisualStudioVersion = 10.0.40219.1
Project("{9A19103F-16F7-4668-BE54-9A1E7A4F7556}") = "ControlBackend", "src\ControlBackend\ControlBackend.csproj", "{1F5A3AF4-1ACD-4E2A-BE62-22043D4759A9}"
EndProject
Project("{9A19103F-16F7-4668-BE54-9A1E7A4F7556}") = "AreaControl", "src\AreaControl\AreaControl.csproj", "{E948F5BD-F1B5-4CBC-BDB6-681DB2F9BEC2}"
EndProject
Project("{9A19103F-16F7-4668-BE54-9A1E7A4F7556}") = "AreaControl.Desktop", "src\AreaControl.Desktop\AreaControl.Desktop.csproj", "{8BDF58CB-F5E9-435B-B482-C95FC6D3740B}"
EndProject
Global
	GlobalSection(SolutionConfigurationPlatforms) = preSolution
		Debug|Any CPU = Debug|Any CPU
		Release|Any CPU = Release|Any CPU
	EndGlobalSection
	GlobalSection(ProjectConfigurationPlatforms) = postSolution
		{1F5A3AF4-1ACD-4E2A-BE62-22043D4759A9}.Debug|Any CPU.ActiveCfg = Debug|Any CPU
		{1F5A3AF4-1ACD-4E2A-BE62-22043D4759A9}.Debug|Any CPU.Build.0 = Debug|Any CPU
		{1F5A3AF4-1ACD-4E2A-BE62-22043D4759A9}.Release|Any CPU.ActiveCfg = Release|Any CPU
		{1F5A3AF4-1ACD-4E2A-BE62-22043D4759A9}.Release|Any CPU.Build.0 = Release|Any CPU
		{E948F5BD-F1B5-4CBC-BDB6-681DB2F9BEC2}.Debug|Any CPU.ActiveCfg = Debug|Any CPU
		{E948F5BD-F1B5-4CBC-BDB6-681DB2F9BEC2}.Debug|Any CPU.Build.0 = Debug|Any CPU
		{E948F5BD-F1B5-4CBC-BDB6-681DB2F9BEC2}.Release|Any CPU.ActiveCfg = Release|Any CPU
		{E948F5BD-F1B5-4CBC-BDB6-681DB2F9BEC2}.Release|Any CPU.Build.0 = Release|Any CPU
		{8BDF58CB-F5E9-435B-B482-C95FC6D3740B}.Debug|Any CPU.ActiveCfg = Debug|Any CPU
		{8BDF58CB-F5E9-435B-B482-C95FC6D3740B}.Debug|Any CPU.Build.0 = Debug|Any CPU
		{8BDF58CB-F5E9-435B-B482-C95FC6D3740B}.Release|Any CPU.ActiveCfg = Release|Any CPU
		{8BDF58CB-F5E9-435B-B482-C95FC6D3740B}.Release|Any CPU.Build.0 = Release|Any CPU
	EndGlobalSection
	GlobalSection(SolutionProperties) = preSolution
		HideSolutionNode = FALSE
	EndGlobalSection
	GlobalSection(ExtensibilityGlobals) = postSolution
		SolutionGuid = {E17AE475-C33A-4B8D-954C-619724900062}
	EndGlobalSection
EndGlobal
